// !$*UTF8*$!
{
	archiveVersion = 1;
	classes = {
	};
	objectVersion = 46;
	objects = {

/* Begin PBXBuildFile section */
		9B15D24D1F7FF85600B5DEE3 /* logo.png in Resources */ = {isa = PBXBuildFile; fileRef = 9B15D24C1F7FF85600B5DEE3 /* logo.png */; };
		9B15D24F1F801ECB00B5DEE3 /* lanch.png in Resources */ = {isa = PBXBuildFile; fileRef = 9B15D24E1F801ECB00B5DEE3 /* lanch.png */; };
		9B15D2511F80293C00B5DEE3 /* reset.png in Resources */ = {isa = PBXBuildFile; fileRef = 9B15D2501F80293C00B5DEE3 /* reset.png */; };
		9B15D2531F802FC500B5DEE3 /* slide.wav in Resources */ = {isa = PBXBuildFile; fileRef = 9B15D2521F802FC400B5DEE3 /* slide.wav */; };
		9B2DDB6C1F79B51900AB057F /* coq.png in Resources */ = {isa = PBXBuildFile; fileRef = 9B2DDB6B1F79B51900AB057F /* coq.png */; };
		9B34177E1F84250F00E0EB35 /* logo_piupiu.png in Resources */ = {isa = PBXBuildFile; fileRef = 9B34177D1F84250F00E0EB35 /* logo_piupiu.png */; };
		9B34179E1F84712F00E0EB35 /* Contents.json in Resources */ = {isa = PBXBuildFile; fileRef = 9B34177F1F84712F00E0EB35 /* Contents.json */; };
		9B3417A01F84712F00E0EB35 /* Icon-20.png in Resources */ = {isa = PBXBuildFile; fileRef = 9B3417811F84712F00E0EB35 /* Icon-20.png */; };
		9B3417A11F84712F00E0EB35 /* Icon-29.png in Resources */ = {isa = PBXBuildFile; fileRef = 9B3417821F84712F00E0EB35 /* Icon-29.png */; };
		9B3417A31F84712F00E0EB35 /* Icon-40.png in Resources */ = {isa = PBXBuildFile; fileRef = 9B3417841F84712F00E0EB35 /* Icon-40.png */; };
		9B3417A81F84712F00E0EB35 /* Icon-58.png in Resources */ = {isa = PBXBuildFile; fileRef = 9B3417891F84712F00E0EB35 /* Icon-58.png */; };
		9B3417A91F84712F00E0EB35 /* Icon-60.png in Resources */ = {isa = PBXBuildFile; fileRef = 9B34178A1F84712F00E0EB35 /* Icon-60.png */; };
		9B3417AC1F84712F00E0EB35 /* Icon-76.png in Resources */ = {isa = PBXBuildFile; fileRef = 9B34178D1F84712F00E0EB35 /* Icon-76.png */; };
		9B3417AD1F84712F00E0EB35 /* Icon-80.png in Resources */ = {isa = PBXBuildFile; fileRef = 9B34178E1F84712F00E0EB35 /* Icon-80.png */; };
		9B3417AE1F84712F00E0EB35 /* Icon-87.png in Resources */ = {isa = PBXBuildFile; fileRef = 9B34178F1F84712F00E0EB35 /* Icon-87.png */; };
		9B3417B21F84712F00E0EB35 /* Icon-120.png in Resources */ = {isa = PBXBuildFile; fileRef = 9B3417931F84712F00E0EB35 /* Icon-120.png */; };
		9B3417B51F84712F00E0EB35 /* Icon-152.png in Resources */ = {isa = PBXBuildFile; fileRef = 9B3417961F84712F00E0EB35 /* Icon-152.png */; };
		9B3417B61F84712F00E0EB35 /* Icon-167.png in Resources */ = {isa = PBXBuildFile; fileRef = 9B3417971F84712F00E0EB35 /* Icon-167.png */; };
		9B3417B81F84712F00E0EB35 /* Icon-180.png in Resources */ = {isa = PBXBuildFile; fileRef = 9B3417991F84712F00E0EB35 /* Icon-180.png */; };
		9B452F401F75A60A00770C55 /* AppDelegate.swift in Sources */ = {isa = PBXBuildFile; fileRef = 9B452F3F1F75A60A00770C55 /* AppDelegate.swift */; };
		9B452F421F75A60A00770C55 /* ViewController.swift in Sources */ = {isa = PBXBuildFile; fileRef = 9B452F411F75A60A00770C55 /* ViewController.swift */; };
		9B452F451F75A60A00770C55 /* Main.storyboard in Resources */ = {isa = PBXBuildFile; fileRef = 9B452F431F75A60A00770C55 /* Main.storyboard */; };
		9B452F471F75A60A00770C55 /* Assets.xcassets in Resources */ = {isa = PBXBuildFile; fileRef = 9B452F461F75A60A00770C55 /* Assets.xcassets */; };
		9B452F4A1F75A60A00770C55 /* LaunchScreen.storyboard in Resources */ = {isa = PBXBuildFile; fileRef = 9B452F481F75A60A00770C55 /* LaunchScreen.storyboard */; };
		9B452F551F75A60A00770C55 /* Memo_AnimauxTests.swift in Sources */ = {isa = PBXBuildFile; fileRef = 9B452F541F75A60A00770C55 /* Memo_AnimauxTests.swift */; };
		9B452F601F75A60A00770C55 /* Memo_AnimauxUITests.swift in Sources */ = {isa = PBXBuildFile; fileRef = 9B452F5F1F75A60A00770C55 /* Memo_AnimauxUITests.swift */; };
		9B452F791F75AA9800770C55 /* back.png in Resources */ = {isa = PBXBuildFile; fileRef = 9B452F6E1F75AA9800770C55 /* back.png */; };
		9B452F7B1F75AA9800770C55 /* chat.png in Resources */ = {isa = PBXBuildFile; fileRef = 9B452F701F75AA9800770C55 /* chat.png */; };
		9B452F7E1F75AA9800770C55 /* fond.jpg in Resources */ = {isa = PBXBuildFile; fileRef = 9B452F731F75AA9800770C55 /* fond.jpg */; };
		9B452F7F1F75AA9800770C55 /* lapin.png in Resources */ = {isa = PBXBuildFile; fileRef = 9B452F741F75AA9800770C55 /* lapin.png */; };
		9B452F801F75AA9800770C55 /* mouton.png in Resources */ = {isa = PBXBuildFile; fileRef = 9B452F751F75AA9800770C55 /* mouton.png */; };
		9B452F821F75AA9800770C55 /* poussin.png in Resources */ = {isa = PBXBuildFile; fileRef = 9B452F771F75AA9800770C55 /* poussin.png */; };
		9B452F831F75AA9800770C55 /* vache.png in Resources */ = {isa = PBXBuildFile; fileRef = 9B452F781F75AA9800770C55 /* vache.png */; };
/* End PBXBuildFile section */

/* Begin PBXContainerItemProxy section */
		9B452F511F75A60A00770C55 /* PBXContainerItemProxy */ = {
			isa = PBXContainerItemProxy;
			containerPortal = 9B452F341F75A60A00770C55 /* Project object */;
			proxyType = 1;
			remoteGlobalIDString = 9B452F3B1F75A60A00770C55;
			remoteInfo = Memo_Animaux;
		};
		9B452F5C1F75A60A00770C55 /* PBXContainerItemProxy */ = {
			isa = PBXContainerItemProxy;
			containerPortal = 9B452F341F75A60A00770C55 /* Project object */;
			proxyType = 1;
			remoteGlobalIDString = 9B452F3B1F75A60A00770C55;
			remoteInfo = Memo_Animaux;
		};
/* End PBXContainerItemProxy section */

/* Begin PBXFileReference section */
		9B15D24C1F7FF85600B5DEE3 /* logo.png */ = {isa = PBXFileReference; lastKnownFileType = image.png; path = logo.png; sourceTree = "<group>"; };
		9B15D24E1F801ECB00B5DEE3 /* lanch.png */ = {isa = PBXFileReference; lastKnownFileType = image.png; path = lanch.png; sourceTree = "<group>"; };
		9B15D2501F80293C00B5DEE3 /* reset.png */ = {isa = PBXFileReference; lastKnownFileType = image.png; path = reset.png; sourceTree = "<group>"; };
		9B15D2521F802FC400B5DEE3 /* slide.wav */ = {isa = PBXFileReference; lastKnownFileType = audio.wav; path = slide.wav; sourceTree = "<group>"; };
		9B2DDB6B1F79B51900AB057F /* coq.png */ = {isa = PBXFileReference; lastKnownFileType = image.png; path = coq.png; sourceTree = "<group>"; };
		9B34177D1F84250F00E0EB35 /* logo_piupiu.png */ = {isa = PBXFileReference; lastKnownFileType = image.png; path = logo_piupiu.png; sourceTree = "<group>"; };
		9B34177F1F84712F00E0EB35 /* Contents.json */ = {isa = PBXFileReference; fileEncoding = 4; lastKnownFileType = text.json; name = Contents.json; path = Assets.xcassets/AppIcon.appiconset/Contents.json; sourceTree = "<group>"; };
		9B3417811F84712F00E0EB35 /* Icon-20.png */ = {isa = PBXFileReference; lastKnownFileType = image.png; name = "Icon-20.png"; path = "Assets.xcassets/AppIcon.appiconset/Icon-20.png"; sourceTree = "<group>"; };
		9B3417821F84712F00E0EB35 /* Icon-29.png */ = {isa = PBXFileReference; lastKnownFileType = image.png; name = "Icon-29.png"; path = "Assets.xcassets/AppIcon.appiconset/Icon-29.png"; sourceTree = "<group>"; };
		9B3417841F84712F00E0EB35 /* Icon-40.png */ = {isa = PBXFileReference; lastKnownFileType = image.png; name = "Icon-40.png"; path = "Assets.xcassets/AppIcon.appiconset/Icon-40.png"; sourceTree = "<group>"; };
		9B3417891F84712F00E0EB35 /* Icon-58.png */ = {isa = PBXFileReference; lastKnownFileType = image.png; name = "Icon-58.png"; path = "Assets.xcassets/AppIcon.appiconset/Icon-58.png"; sourceTree = "<group>"; };
		9B34178A1F84712F00E0EB35 /* Icon-60.png */ = {isa = PBXFileReference; lastKnownFileType = image.png; name = "Icon-60.png"; path = "Assets.xcassets/AppIcon.appiconset/Icon-60.png"; sourceTree = "<group>"; };
		9B34178D1F84712F00E0EB35 /* Icon-76.png */ = {isa = PBXFileReference; lastKnownFileType = image.png; name = "Icon-76.png"; path = "Assets.xcassets/AppIcon.appiconset/Icon-76.png"; sourceTree = "<group>"; };
		9B34178E1F84712F00E0EB35 /* Icon-80.png */ = {isa = PBXFileReference; lastKnownFileType = image.png; name = "Icon-80.png"; path = "Assets.xcassets/AppIcon.appiconset/Icon-80.png"; sourceTree = "<group>"; };
		9B34178F1F84712F00E0EB35 /* Icon-87.png */ = {isa = PBXFileReference; lastKnownFileType = image.png; name = "Icon-87.png"; path = "Assets.xcassets/AppIcon.appiconset/Icon-87.png"; sourceTree = "<group>"; };
		9B3417931F84712F00E0EB35 /* Icon-120.png */ = {isa = PBXFileReference; lastKnownFileType = image.png; name = "Icon-120.png"; path = "Assets.xcassets/AppIcon.appiconset/Icon-120.png"; sourceTree = "<group>"; };
		9B3417961F84712F00E0EB35 /* Icon-152.png */ = {isa = PBXFileReference; lastKnownFileType = image.png; name = "Icon-152.png"; path = "Assets.xcassets/AppIcon.appiconset/Icon-152.png"; sourceTree = "<group>"; };
		9B3417971F84712F00E0EB35 /* Icon-167.png */ = {isa = PBXFileReference; lastKnownFileType = image.png; name = "Icon-167.png"; path = "Assets.xcassets/AppIcon.appiconset/Icon-167.png"; sourceTree = "<group>"; };
		9B3417991F84712F00E0EB35 /* Icon-180.png */ = {isa = PBXFileReference; lastKnownFileType = image.png; name = "Icon-180.png"; path = "Assets.xcassets/AppIcon.appiconset/Icon-180.png"; sourceTree = "<group>"; };
		9B452F3C1F75A60A00770C55 /* Memo_Animaux.app */ = {isa = PBXFileReference; explicitFileType = wrapper.application; includeInIndex = 0; path = Memo_Animaux.app; sourceTree = BUILT_PRODUCTS_DIR; };
		9B452F3F1F75A60A00770C55 /* AppDelegate.swift */ = {isa = PBXFileReference; lastKnownFileType = sourcecode.swift; path = AppDelegate.swift; sourceTree = "<group>"; };
		9B452F411F75A60A00770C55 /* ViewController.swift */ = {isa = PBXFileReference; lastKnownFileType = sourcecode.swift; path = ViewController.swift; sourceTree = "<group>"; };
		9B452F441F75A60A00770C55 /* Base */ = {isa = PBXFileReference; lastKnownFileType = file.storyboard; name = Base; path = Base.lproj/Main.storyboard; sourceTree = "<group>"; };
		9B452F461F75A60A00770C55 /* Assets.xcassets */ = {isa = PBXFileReference; lastKnownFileType = folder.assetcatalog; path = Assets.xcassets; sourceTree = "<group>"; };
		9B452F491F75A60A00770C55 /* Base */ = {isa = PBXFileReference; lastKnownFileType = file.storyboard; name = Base; path = Base.lproj/LaunchScreen.storyboard; sourceTree = "<group>"; };
		9B452F4B1F75A60A00770C55 /* Info.plist */ = {isa = PBXFileReference; lastKnownFileType = text.plist.xml; path = Info.plist; sourceTree = "<group>"; };
		9B452F501F75A60A00770C55 /* Memo_AnimauxTests.xctest */ = {isa = PBXFileReference; explicitFileType = wrapper.cfbundle; includeInIndex = 0; path = Memo_AnimauxTests.xctest; sourceTree = BUILT_PRODUCTS_DIR; };
		9B452F541F75A60A00770C55 /* Memo_AnimauxTests.swift */ = {isa = PBXFileReference; lastKnownFileType = sourcecode.swift; path = Memo_AnimauxTests.swift; sourceTree = "<group>"; };
		9B452F561F75A60A00770C55 /* Info.plist */ = {isa = PBXFileReference; lastKnownFileType = text.plist.xml; path = Info.plist; sourceTree = "<group>"; };
		9B452F5B1F75A60A00770C55 /* Memo_AnimauxUITests.xctest */ = {isa = PBXFileReference; explicitFileType = wrapper.cfbundle; includeInIndex = 0; path = Memo_AnimauxUITests.xctest; sourceTree = BUILT_PRODUCTS_DIR; };
		9B452F5F1F75A60A00770C55 /* Memo_AnimauxUITests.swift */ = {isa = PBXFileReference; lastKnownFileType = sourcecode.swift; path = Memo_AnimauxUITests.swift; sourceTree = "<group>"; };
		9B452F611F75A60A00770C55 /* Info.plist */ = {isa = PBXFileReference; lastKnownFileType = text.plist.xml; path = Info.plist; sourceTree = "<group>"; };
		9B452F6E1F75AA9800770C55 /* back.png */ = {isa = PBXFileReference; lastKnownFileType = image.png; path = back.png; sourceTree = "<group>"; };
		9B452F701F75AA9800770C55 /* chat.png */ = {isa = PBXFileReference; lastKnownFileType = image.png; path = chat.png; sourceTree = "<group>"; };
		9B452F731F75AA9800770C55 /* fond.jpg */ = {isa = PBXFileReference; lastKnownFileType = image.jpeg; path = fond.jpg; sourceTree = "<group>"; };
		9B452F741F75AA9800770C55 /* lapin.png */ = {isa = PBXFileReference; lastKnownFileType = image.png; path = lapin.png; sourceTree = "<group>"; };
		9B452F751F75AA9800770C55 /* mouton.png */ = {isa = PBXFileReference; lastKnownFileType = image.png; path = mouton.png; sourceTree = "<group>"; };
		9B452F771F75AA9800770C55 /* poussin.png */ = {isa = PBXFileReference; lastKnownFileType = image.png; path = poussin.png; sourceTree = "<group>"; };
		9B452F781F75AA9800770C55 /* vache.png */ = {isa = PBXFileReference; lastKnownFileType = image.png; path = vache.png; sourceTree = "<group>"; };
/* End PBXFileReference section */

/* Begin PBXFrameworksBuildPhase section */
		9B452F391F75A60A00770C55 /* Frameworks */ = {
			isa = PBXFrameworksBuildPhase;
			buildActionMask = 2147483647;
			files = (
			);
			runOnlyForDeploymentPostprocessing = 0;
		};
		9B452F4D1F75A60A00770C55 /* Frameworks */ = {
			isa = PBXFrameworksBuildPhase;
			buildActionMask = 2147483647;
			files = (
			);
			runOnlyForDeploymentPostprocessing = 0;
		};
		9B452F581F75A60A00770C55 /* Frameworks */ = {
			isa = PBXFrameworksBuildPhase;
			buildActionMask = 2147483647;
			files = (
			);
			runOnlyForDeploymentPostprocessing = 0;
		};
/* End PBXFrameworksBuildPhase section */

/* Begin PBXGroup section */
		9B15D20D1F7F351F00B5DEE3 /* icones */ = {
			isa = PBXGroup;
			children = (
				9B34177F1F84712F00E0EB35 /* Contents.json */,
				9B3417811F84712F00E0EB35 /* Icon-20.png */,
				9B3417821F84712F00E0EB35 /* Icon-29.png */,
				9B3417841F84712F00E0EB35 /* Icon-40.png */,
				9B3417891F84712F00E0EB35 /* Icon-58.png */,
				9B34178A1F84712F00E0EB35 /* Icon-60.png */,
				9B34178D1F84712F00E0EB35 /* Icon-76.png */,
				9B34178E1F84712F00E0EB35 /* Icon-80.png */,
				9B34178F1F84712F00E0EB35 /* Icon-87.png */,
				9B3417931F84712F00E0EB35 /* Icon-120.png */,
				9B3417961F84712F00E0EB35 /* Icon-152.png */,
				9B3417971F84712F00E0EB35 /* Icon-167.png */,
				9B3417991F84712F00E0EB35 /* Icon-180.png */,
			);
			name = icones;
			sourceTree = "<group>";
		};
		9B452F331F75A60A00770C55 = {
			isa = PBXGroup;
			children = (
				9B452F3E1F75A60A00770C55 /* Memo_Animaux */,
				9B452F531F75A60A00770C55 /* Memo_AnimauxTests */,
				9B452F5E1F75A60A00770C55 /* Memo_AnimauxUITests */,
				9B452F3D1F75A60A00770C55 /* Products */,
			);
			sourceTree = "<group>";
		};
		9B452F3D1F75A60A00770C55 /* Products */ = {
			isa = PBXGroup;
			children = (
				9B452F3C1F75A60A00770C55 /* Memo_Animaux.app */,
				9B452F501F75A60A00770C55 /* Memo_AnimauxTests.xctest */,
				9B452F5B1F75A60A00770C55 /* Memo_AnimauxUITests.xctest */,
			);
			name = Products;
			sourceTree = "<group>";
		};
		9B452F3E1F75A60A00770C55 /* Memo_Animaux */ = {
			isa = PBXGroup;
			children = (
				9B452F6D1F75AA1400770C55 /* images */,
				9B15D20D1F7F351F00B5DEE3 /* icones */,
				9B452F3F1F75A60A00770C55 /* AppDelegate.swift */,
				9B452F411F75A60A00770C55 /* ViewController.swift */,
				9B452F431F75A60A00770C55 /* Main.storyboard */,
				9B452F461F75A60A00770C55 /* Assets.xcassets */,
				9B452F481F75A60A00770C55 /* LaunchScreen.storyboard */,
				9B452F4B1F75A60A00770C55 /* Info.plist */,
			);
			path = Memo_Animaux;
			sourceTree = "<group>";
		};
		9B452F531F75A60A00770C55 /* Memo_AnimauxTests */ = {
			isa = PBXGroup;
			children = (
				9B452F541F75A60A00770C55 /* Memo_AnimauxTests.swift */,
				9B452F561F75A60A00770C55 /* Info.plist */,
			);
			path = Memo_AnimauxTests;
			sourceTree = "<group>";
		};
		9B452F5E1F75A60A00770C55 /* Memo_AnimauxUITests */ = {
			isa = PBXGroup;
			children = (
				9B452F5F1F75A60A00770C55 /* Memo_AnimauxUITests.swift */,
				9B452F611F75A60A00770C55 /* Info.plist */,
			);
			path = Memo_AnimauxUITests;
			sourceTree = "<group>";
		};
		9B452F6D1F75AA1400770C55 /* images */ = {
			isa = PBXGroup;
			children = (
				9B34177D1F84250F00E0EB35 /* logo_piupiu.png */,
				9B15D2521F802FC400B5DEE3 /* slide.wav */,
				9B15D2501F80293C00B5DEE3 /* reset.png */,
				9B15D24E1F801ECB00B5DEE3 /* lanch.png */,
				9B15D24C1F7FF85600B5DEE3 /* logo.png */,
				9B2DDB6B1F79B51900AB057F /* coq.png */,
				9B452F6E1F75AA9800770C55 /* back.png */,
				9B452F701F75AA9800770C55 /* chat.png */,
				9B452F731F75AA9800770C55 /* fond.jpg */,
				9B452F741F75AA9800770C55 /* lapin.png */,
				9B452F751F75AA9800770C55 /* mouton.png */,
				9B452F771F75AA9800770C55 /* poussin.png */,
				9B452F781F75AA9800770C55 /* vache.png */,
			);
			name = images;
			sourceTree = "<group>";
		};
/* End PBXGroup section */

/* Begin PBXNativeTarget section */
		9B452F3B1F75A60A00770C55 /* Memo_Animaux */ = {
			isa = PBXNativeTarget;
			buildConfigurationList = 9B452F641F75A60A00770C55 /* Build configuration list for PBXNativeTarget "Memo_Animaux" */;
			buildPhases = (
				9B452F381F75A60A00770C55 /* Sources */,
				9B452F391F75A60A00770C55 /* Frameworks */,
				9B452F3A1F75A60A00770C55 /* Resources */,
			);
			buildRules = (
			);
			dependencies = (
			);
			name = Memo_Animaux;
			productName = Memo_Animaux;
			productReference = 9B452F3C1F75A60A00770C55 /* Memo_Animaux.app */;
			productType = "com.apple.product-type.application";
		};
		9B452F4F1F75A60A00770C55 /* Memo_AnimauxTests */ = {
			isa = PBXNativeTarget;
			buildConfigurationList = 9B452F671F75A60A00770C55 /* Build configuration list for PBXNativeTarget "Memo_AnimauxTests" */;
			buildPhases = (
				9B452F4C1F75A60A00770C55 /* Sources */,
				9B452F4D1F75A60A00770C55 /* Frameworks */,
				9B452F4E1F75A60A00770C55 /* Resources */,
			);
			buildRules = (
			);
			dependencies = (
				9B452F521F75A60A00770C55 /* PBXTargetDependency */,
			);
			name = Memo_AnimauxTests;
			productName = Memo_AnimauxTests;
			productReference = 9B452F501F75A60A00770C55 /* Memo_AnimauxTests.xctest */;
			productType = "com.apple.product-type.bundle.unit-test";
		};
		9B452F5A1F75A60A00770C55 /* Memo_AnimauxUITests */ = {
			isa = PBXNativeTarget;
			buildConfigurationList = 9B452F6A1F75A60A00770C55 /* Build configuration list for PBXNativeTarget "Memo_AnimauxUITests" */;
			buildPhases = (
				9B452F571F75A60A00770C55 /* Sources */,
				9B452F581F75A60A00770C55 /* Frameworks */,
				9B452F591F75A60A00770C55 /* Resources */,
			);
			buildRules = (
			);
			dependencies = (
				9B452F5D1F75A60A00770C55 /* PBXTargetDependency */,
			);
			name = Memo_AnimauxUITests;
			productName = Memo_AnimauxUITests;
			productReference = 9B452F5B1F75A60A00770C55 /* Memo_AnimauxUITests.xctest */;
			productType = "com.apple.product-type.bundle.ui-testing";
		};
/* End PBXNativeTarget section */

/* Begin PBXProject section */
		9B452F341F75A60A00770C55 /* Project object */ = {
			isa = PBXProject;
			attributes = {
				LastSwiftUpdateCheck = 0820;
				LastUpgradeCheck = 0820;
				ORGANIZATIONNAME = eleves;
				TargetAttributes = {
					9B452F3B1F75A60A00770C55 = {
						CreatedOnToolsVersion = 8.2;
						ProvisioningStyle = Automatic;
					};
					9B452F4F1F75A60A00770C55 = {
						CreatedOnToolsVersion = 8.2;
						ProvisioningStyle = Automatic;
						TestTargetID = 9B452F3B1F75A60A00770C55;
					};
					9B452F5A1F75A60A00770C55 = {
						CreatedOnToolsVersion = 8.2;
						ProvisioningStyle = Automatic;
						TestTargetID = 9B452F3B1F75A60A00770C55;
					};
				};
			};
			buildConfigurationList = 9B452F371F75A60A00770C55 /* Build configuration list for PBXProject "Memo_Animaux" */;
			compatibilityVersion = "Xcode 3.2";
			developmentRegion = English;
			hasScannedForEncodings = 0;
			knownRegions = (
				en,
				Base,
			);
			mainGroup = 9B452F331F75A60A00770C55;
			productRefGroup = 9B452F3D1F75A60A00770C55 /* Products */;
			projectDirPath = "";
			projectRoot = "";
			targets = (
				9B452F3B1F75A60A00770C55 /* Memo_Animaux */,
				9B452F4F1F75A60A00770C55 /* Memo_AnimauxTests */,
				9B452F5A1F75A60A00770C55 /* Memo_AnimauxUITests */,
			);
		};
/* End PBXProject section */

/* Begin PBXResourcesBuildPhase section */
		9B452F3A1F75A60A00770C55 /* Resources */ = {
			isa = PBXResourcesBuildPhase;
			buildActionMask = 2147483647;
			files = (
				9B452F791F75AA9800770C55 /* back.png in Resources */,
				9B34177E1F84250F00E0EB35 /* logo_piupiu.png in Resources */,
				9B34179E1F84712F00E0EB35 /* Contents.json in Resources */,
				9B2DDB6C1F79B51900AB057F /* coq.png in Resources */,
				9B3417A81F84712F00E0EB35 /* Icon-58.png in Resources */,
				9B452F831F75AA9800770C55 /* vache.png in Resources */,
				9B452F7F1F75AA9800770C55 /* lapin.png in Resources */,
				9B15D24D1F7FF85600B5DEE3 /* logo.png in Resources */,
				9B15D24F1F801ECB00B5DEE3 /* lanch.png in Resources */,
				9B3417B61F84712F00E0EB35 /* Icon-167.png in Resources */,
				9B3417B51F84712F00E0EB35 /* Icon-152.png in Resources */,
				9B3417AC1F84712F00E0EB35 /* Icon-76.png in Resources */,
				9B452F821F75AA9800770C55 /* poussin.png in Resources */,
				9B15D2531F802FC500B5DEE3 /* slide.wav in Resources */,
				9B15D2511F80293C00B5DEE3 /* reset.png in Resources */,
				9B3417B21F84712F00E0EB35 /* Icon-120.png in Resources */,
				9B452F4A1F75A60A00770C55 /* LaunchScreen.storyboard in Resources */,
				9B452F7E1F75AA9800770C55 /* fond.jpg in Resources */,
				9B452F471F75A60A00770C55 /* Assets.xcassets in Resources */,
				9B452F451F75A60A00770C55 /* Main.storyboard in Resources */,
				9B452F801F75AA9800770C55 /* mouton.png in Resources */,
				9B452F7B1F75AA9800770C55 /* chat.png in Resources */,
				9B3417A01F84712F00E0EB35 /* Icon-20.png in Resources */,
				9B3417A31F84712F00E0EB35 /* Icon-40.png in Resources */,
				9B3417B81F84712F00E0EB35 /* Icon-180.png in Resources */,
				9B3417AD1F84712F00E0EB35 /* Icon-80.png in Resources */,
				9B3417AE1F84712F00E0EB35 /* Icon-87.png in Resources */,
				9B3417A91F84712F00E0EB35 /* Icon-60.png in Resources */,
				9B3417A11F84712F00E0EB35 /* Icon-29.png in Resources */,
			);
			runOnlyForDeploymentPostprocessing = 0;
		};
		9B452F4E1F75A60A00770C55 /* Resources */ = {
			isa = PBXResourcesBuildPhase;
			buildActionMask = 2147483647;
			files = (
			);
			runOnlyForDeploymentPostprocessing = 0;
		};
		9B452F591F75A60A00770C55 /* Resources */ = {
			isa = PBXResourcesBuildPhase;
			buildActionMask = 2147483647;
			files = (
			);
			runOnlyForDeploymentPostprocessing = 0;
		};
/* End PBXResourcesBuildPhase section */

/* Begin PBXSourcesBuildPhase section */
		9B452F381F75A60A00770C55 /* Sources */ = {
			isa = PBXSourcesBuildPhase;
			buildActionMask = 2147483647;
			files = (
				9B452F421F75A60A00770C55 /* ViewController.swift in Sources */,
				9B452F401F75A60A00770C55 /* AppDelegate.swift in Sources */,
			);
			runOnlyForDeploymentPostprocessing = 0;
		};
		9B452F4C1F75A60A00770C55 /* Sources */ = {
			isa = PBXSourcesBuildPhase;
			buildActionMask = 2147483647;
			files = (
				9B452F551F75A60A00770C55 /* Memo_AnimauxTests.swift in Sources */,
			);
			runOnlyForDeploymentPostprocessing = 0;
		};
		9B452F571F75A60A00770C55 /* Sources */ = {
			isa = PBXSourcesBuildPhase;
			buildActionMask = 2147483647;
			files = (
				9B452F601F75A60A00770C55 /* Memo_AnimauxUITests.swift in Sources */,
			);
			runOnlyForDeploymentPostprocessing = 0;
		};
/* End PBXSourcesBuildPhase section */

/* Begin PBXTargetDependency section */
		9B452F521F75A60A00770C55 /* PBXTargetDependency */ = {
			isa = PBXTargetDependency;
			target = 9B452F3B1F75A60A00770C55 /* Memo_Animaux */;
			targetProxy = 9B452F511F75A60A00770C55 /* PBXContainerItemProxy */;
		};
		9B452F5D1F75A60A00770C55 /* PBXTargetDependency */ = {
			isa = PBXTargetDependency;
			target = 9B452F3B1F75A60A00770C55 /* Memo_Animaux */;
			targetProxy = 9B452F5C1F75A60A00770C55 /* PBXContainerItemProxy */;
		};
/* End PBXTargetDependency section */

/* Begin PBXVariantGroup section */
		9B452F431F75A60A00770C55 /* Main.storyboard */ = {
			isa = PBXVariantGroup;
			children = (
				9B452F441F75A60A00770C55 /* Base */,
			);
			name = Main.storyboard;
			sourceTree = "<group>";
		};
		9B452F481F75A60A00770C55 /* LaunchScreen.storyboard */ = {
			isa = PBXVariantGroup;
			children = (
				9B452F491F75A60A00770C55 /* Base */,
			);
			name = LaunchScreen.storyboard;
			sourceTree = "<group>";
		};
/* End PBXVariantGroup section */

/* Begin XCBuildConfiguration section */
		9B452F621F75A60A00770C55 /* Debug */ = {
			isa = XCBuildConfiguration;
			buildSettings = {
				ALWAYS_SEARCH_USER_PATHS = NO;
				CLANG_ANALYZER_NONNULL = YES;
				CLANG_CXX_LANGUAGE_STANDARD = "gnu++0x";
				CLANG_CXX_LIBRARY = "libc++";
				CLANG_ENABLE_MODULES = YES;
				CLANG_ENABLE_OBJC_ARC = YES;
				CLANG_WARN_BOOL_CONVERSION = YES;
				CLANG_WARN_CONSTANT_CONVERSION = YES;
				CLANG_WARN_DIRECT_OBJC_ISA_USAGE = YES_ERROR;
				CLANG_WARN_DOCUMENTATION_COMMENTS = YES;
				CLANG_WARN_EMPTY_BODY = YES;
				CLANG_WARN_ENUM_CONVERSION = YES;
				CLANG_WARN_INFINITE_RECURSION = YES;
				CLANG_WARN_INT_CONVERSION = YES;
				CLANG_WARN_OBJC_ROOT_CLASS = YES_ERROR;
				CLANG_WARN_SUSPICIOUS_MOVE = YES;
				CLANG_WARN_UNREACHABLE_CODE = YES;
				CLANG_WARN__DUPLICATE_METHOD_MATCH = YES;
				"CODE_SIGN_IDENTITY[sdk=iphoneos*]" = "iPhone Developer";
				COPY_PHASE_STRIP = NO;
				DEBUG_INFORMATION_FORMAT = dwarf;
				ENABLE_STRICT_OBJC_MSGSEND = YES;
				ENABLE_TESTABILITY = YES;
				GCC_C_LANGUAGE_STANDARD = gnu99;
				GCC_DYNAMIC_NO_PIC = NO;
				GCC_NO_COMMON_BLOCKS = YES;
				GCC_OPTIMIZATION_LEVEL = 0;
				GCC_PREPROCESSOR_DEFINITIONS = (
					"DEBUG=1",
					"$(inherited)",
				);
				GCC_WARN_64_TO_32_BIT_CONVERSION = YES;
				GCC_WARN_ABOUT_RETURN_TYPE = YES_ERROR;
				GCC_WARN_UNDECLARED_SELECTOR = YES;
				GCC_WARN_UNINITIALIZED_AUTOS = YES_AGGRESSIVE;
				GCC_WARN_UNUSED_FUNCTION = YES;
				GCC_WARN_UNUSED_VARIABLE = YES;
				IPHONEOS_DEPLOYMENT_TARGET = 10.2;
				MTL_ENABLE_DEBUG_INFO = YES;
				ONLY_ACTIVE_ARCH = YES;
				SDKROOT = iphoneos;
				SWIFT_ACTIVE_COMPILATION_CONDITIONS = DEBUG;
				SWIFT_OPTIMIZATION_LEVEL = "-Onone";
				TARGETED_DEVICE_FAMILY = "1,2";
			};
			name = Debug;
		};
		9B452F631F75A60A00770C55 /* Release */ = {
			isa = XCBuildConfiguration;
			buildSettings = {
				ALWAYS_SEARCH_USER_PATHS = NO;
				CLANG_ANALYZER_NONNULL = YES;
				CLANG_CXX_LANGUAGE_STANDARD = "gnu++0x";
				CLANG_CXX_LIBRARY = "libc++";
				CLANG_ENABLE_MODULES = YES;
				CLANG_ENABLE_OBJC_ARC = YES;
				CLANG_WARN_BOOL_CONVERSION = YES;
				CLANG_WARN_CONSTANT_CONVERSION = YES;
				CLANG_WARN_DIRECT_OBJC_ISA_USAGE = YES_ERROR;
				CLANG_WARN_DOCUMENTATION_COMMENTS = YES;
				CLANG_WARN_EMPTY_BODY = YES;
				CLANG_WARN_ENUM_CONVERSION = YES;
				CLANG_WARN_INFINITE_RECURSION = YES;
				CLANG_WARN_INT_CONVERSION = YES;
				CLANG_WARN_OBJC_ROOT_CLASS = YES_ERROR;
				CLANG_WARN_SUSPICIOUS_MOVE = YES;
				CLANG_WARN_UNREACHABLE_CODE = YES;
				CLANG_WARN__DUPLICATE_METHOD_MATCH = YES;
				"CODE_SIGN_IDENTITY[sdk=iphoneos*]" = "iPhone Developer";
				COPY_PHASE_STRIP = NO;
				DEBUG_INFORMATION_FORMAT = "dwarf-with-dsym";
				ENABLE_NS_ASSERTIONS = NO;
				ENABLE_STRICT_OBJC_MSGSEND = YES;
				GCC_C_LANGUAGE_STANDARD = gnu99;
				GCC_NO_COMMON_BLOCKS = YES;
				GCC_WARN_64_TO_32_BIT_CONVERSION = YES;
				GCC_WARN_ABOUT_RETURN_TYPE = YES_ERROR;
				GCC_WARN_UNDECLARED_SELECTOR = YES;
				GCC_WARN_UNINITIALIZED_AUTOS = YES_AGGRESSIVE;
				GCC_WARN_UNUSED_FUNCTION = YES;
				GCC_WARN_UNUSED_VARIABLE = YES;
				IPHONEOS_DEPLOYMENT_TARGET = 10.2;
				MTL_ENABLE_DEBUG_INFO = NO;
				SDKROOT = iphoneos;
				SWIFT_OPTIMIZATION_LEVEL = "-Owholemodule";
				TARGETED_DEVICE_FAMILY = "1,2";
				VALIDATE_PRODUCT = YES;
			};
			name = Release;
		};
		9B452F651F75A60A00770C55 /* Debug */ = {
			isa = XCBuildConfiguration;
			buildSettings = {
				ASSETCATALOG_COMPILER_APPICON_NAME = AppIcon;
				INFOPLIST_FILE = Memo_Animaux/Info.plist;
				LD_RUNPATH_SEARCH_PATHS = "$(inherited) @executable_path/Frameworks";
				PRODUCT_BUNDLE_IDENTIFIER = "com.rym.Memo-Animaux";
				PRODUCT_NAME = "$(TARGET_NAME)";
				SWIFT_VERSION = 3.0;
			};
			name = Debug;
		};
		9B452F661F75A60A00770C55 /* Release */ = {
			isa = XCBuildConfiguration;
			buildSettings = {
				ASSETCATALOG_COMPILER_APPICON_NAME = AppIcon;
				INFOPLIST_FILE = Memo_Animaux/Info.plist;
				LD_RUNPATH_SEARCH_PATHS = "$(inherited) @executable_path/Frameworks";
				PRODUCT_BUNDLE_IDENTIFIER = "com.rym.Memo-Animaux";
				PRODUCT_NAME = "$(TARGET_NAME)";
				SWIFT_VERSION = 3.0;
			};
			name = Release;
		};
		9B452F681F75A60A00770C55 /* Debug */ = {
			isa = XCBuildConfiguration;
			buildSettings = {
				ALWAYS_EMBED_SWIFT_STANDARD_LIBRARIES = YES;
				BUNDLE_LOADER = "$(TEST_HOST)";
				INFOPLIST_FILE = Memo_AnimauxTests/Info.plist;
				LD_RUNPATH_SEARCH_PATHS = "$(inherited) @executable_path/Frameworks @loader_path/Frameworks";
				PRODUCT_BUNDLE_IDENTIFIER = "com.rym.Memo-AnimauxTests";
				PRODUCT_NAME = "$(TARGET_NAME)";
				SWIFT_VERSION = 3.0;
				TEST_HOST = "$(BUILT_PRODUCTS_DIR)/Memo_Animaux.app/Memo_Animaux";
			};
			name = Debug;
		};
		9B452F691F75A60A00770C55 /* Release */ = {
			isa = XCBuildConfiguration;
			buildSettings = {
				ALWAYS_EMBED_SWIFT_STANDARD_LIBRARIES = YES;
				BUNDLE_LOADER = "$(TEST_HOST)";
				INFOPLIST_FILE = Memo_AnimauxTests/Info.plist;
				LD_RUNPATH_SEARCH_PATHS = "$(inherited) @executable_path/Frameworks @loader_path/Frameworks";
				PRODUCT_BUNDLE_IDENTIFIER = "com.rym.Memo-AnimauxTests";
				PRODUCT_NAME = "$(TARGET_NAME)";
				SWIFT_VERSION = 3.0;
				TEST_HOST = "$(BUILT_PRODUCTS_DIR)/Memo_Animaux.app/Memo_Animaux";
			};
			name = Release;
		};
		9B452F6B1F75A60A00770C55 /* Debug */ = {
			isa = XCBuildConfiguration;
			buildSettings = {
				ALWAYS_EMBED_SWIFT_STANDARD_LIBRARIES = YES;
				INFOPLIST_FILE = Memo_AnimauxUITests/Info.plist;
				LD_RUNPATH_SEARCH_PATHS = "$(inherited) @executable_path/Frameworks @loader_path/Frameworks";
				PRODUCT_BUNDLE_IDENTIFIER = "com.rym.Memo-AnimauxUITests";
				PRODUCT_NAME = "$(TARGET_NAME)";
				SWIFT_VERSION = 3.0;
				TEST_TARGET_NAME = Memo_Animaux;
			};
			name = Debug;
		};
		9B452F6C1F75A60A00770C55 /* Release */ = {
			isa = XCBuildConfiguration;
			buildSettings = {
				ALWAYS_EMBED_SWIFT_STANDARD_LIBRARIES = YES;
				INFOPLIST_FILE = Memo_AnimauxUITests/Info.plist;
				LD_RUNPATH_SEARCH_PATHS = "$(inherited) @executable_path/Frameworks @loader_path/Frameworks";
				PRODUCT_BUNDLE_IDENTIFIER = "com.rym.Memo-AnimauxUITests";
				PRODUCT_NAME = "$(TARGET_NAME)";
				SWIFT_VERSION = 3.0;
				TEST_TARGET_NAME = Memo_Animaux;
			};
			name = Release;
		};
/* End XCBuildConfiguration section */

/* Begin XCConfigurationList section */
		9B452F371F75A60A00770C55 /* Build configuration list for PBXProject "Memo_Animaux" */ = {
			isa = XCConfigurationList;
			buildConfigurations = (
				9B452F621F75A60A00770C55 /* Debug */,
				9B452F631F75A60A00770C55 /* Release */,
			);
			defaultConfigurationIsVisible = 0;
			defaultConfigurationName = Release;
		};
		9B452F641F75A60A00770C55 /* Build configuration list for PBXNativeTarget "Memo_Animaux" */ = {
			isa = XCConfigurationList;
			buildConfigurations = (
				9B452F651F75A60A00770C55 /* Debug */,
				9B452F661F75A60A00770C55 /* Release */,
			);
			defaultConfigurationIsVisible = 0;
			defaultConfigurationName = Release;
		};
		9B452F671F75A60A00770C55 /* Build configuration list for PBXNativeTarget "Memo_AnimauxTests" */ = {
			isa = XCConfigurationList;
			buildConfigurations = (
				9B452F681F75A60A00770C55 /* Debug */,
				9B452F691F75A60A00770C55 /* Release */,
			);
			defaultConfigurationIsVisible = 0;
			defaultConfigurationName = Release;
		};
		9B452F6A1F75A60A00770C55 /* Build configuration list for PBXNativeTarget "Memo_AnimauxUITests" */ = {
			isa = XCConfigurationList;
			buildConfigurations = (
				9B452F6B1F75A60A00770C55 /* Debug */,
				9B452F6C1F75A60A00770C55 /* Release */,
			);
			defaultConfigurationIsVisible = 0;
			defaultConfigurationName = Release;
		};
/* End XCConfigurationList section */
	};
	rootObject = 9B452F341F75A60A00770C55 /* Project object */;
}
